
Microsoft Visual Studio Solution File, Format Version 12.00
# Visual Studio 15
VisualStudioVersion = 15.0.28307.645
MinimumVisualStudioVersion = 10.0.40219.1
Project("{FAE04EC0-301F-11D3-BF4B-00C04F79EFBC}") = "CodeDomGoKit", "CodeDomGoKit\CodeDomGoKit.csproj", "{F1935A78-6ECA-4AA9-9BE2-0C64BE4297C7}"
EndProject
Project("{FAE04EC0-301F-11D3-BF4B-00C04F79EFBC}") = "CodeDomDemo", "CodeDomDemo\CodeDomDemo.csproj", "{7AFC4EDB-E0F9-4B3B-A620-2D9C383BA386}"
EndProject
Project("{FAE04EC0-301F-11D3-BF4B-00C04F79EFBC}") = "Rolex", "Rolex\Rolex.csproj", "{CDCB6188-5D93-42AA-B555-984E0CCE2069}"
EndProject
Project("{FAE04EC0-301F-11D3-BF4B-00C04F79EFBC}") = "RolexDemo", "RolexDemo\RolexDemo.csproj", "{ACC2D799-4CE0-40C7-AA0D-3A156D2EF630}"
EndProject
Project("{FAE04EC0-301F-11D3-BF4B-00C04F79EFBC}") = "SlangDemo", "SlangDemo\SlangDemo.csproj", "{47A1489D-78EB-40C6-ACED-A3E1B7CFC55D}"
EndProject
Project("{FAE04EC0-301F-11D3-BF4B-00C04F79EFBC}") = "Deslang", "Deslang\Deslang.csproj", "{0286AC77-D7C2-4681-A319-E5C6A2B2B7C1}"
EndProject
Project("{FAE04EC0-301F-11D3-BF4B-00C04F79EFBC}") = "DeslangDemo", "DeslangDemo\DeslangDemo.csproj", "{687A2CA3-6111-4858-9D47-7A1A54BE5F69}"
EndProject
Project("{FAE04EC0-301F-11D3-BF4B-00C04F79EFBC}") = "CSBrick", "CsBrick\CSBrick.csproj", "{DBA55F69-0B8C-436C-ABCD-87DE38913AF4}"
EndProject
Project("{FAE04EC0-301F-11D3-BF4B-00C04F79EFBC}") = "Regex", "Regex\Regex.csproj", "{42749316-2C30-48F4-95B5-4073F42CDB51}"
EndProject
Project("{FAE04EC0-301F-11D3-BF4B-00C04F79EFBC}") = "RegexDemo", "RegexDemo\RegexDemo.csproj", "{2268BA9E-7F22-40FA-8866-79CB4492F398}"
EndProject
Project("{FAE04EC0-301F-11D3-BF4B-00C04F79EFBC}") = "scratch", "scratch\scratch.csproj", "{3C517D16-E8D6-4411-8495-F9F6B54418B6}"
EndProject
Global
	GlobalSection(SolutionConfigurationPlatforms) = preSolution
		Debug|Any CPU = Debug|Any CPU
		Release|Any CPU = Release|Any CPU
	EndGlobalSection
	GlobalSection(ProjectConfigurationPlatforms) = postSolution
		{F1935A78-6ECA-4AA9-9BE2-0C64BE4297C7}.Debug|Any CPU.ActiveCfg = Debug|Any CPU
		{F1935A78-6ECA-4AA9-9BE2-0C64BE4297C7}.Debug|Any CPU.Build.0 = Debug|Any CPU
		{F1935A78-6ECA-4AA9-9BE2-0C64BE4297C7}.Release|Any CPU.ActiveCfg = Release|Any CPU
		{F1935A78-6ECA-4AA9-9BE2-0C64BE4297C7}.Release|Any CPU.Build.0 = Release|Any CPU
		{7AFC4EDB-E0F9-4B3B-A620-2D9C383BA386}.Debug|Any CPU.ActiveCfg = Debug|Any CPU
		{7AFC4EDB-E0F9-4B3B-A620-2D9C383BA386}.Debug|Any CPU.Build.0 = Debug|Any CPU
		{7AFC4EDB-E0F9-4B3B-A620-2D9C383BA386}.Release|Any CPU.ActiveCfg = Release|Any CPU
		{7AFC4EDB-E0F9-4B3B-A620-2D9C383BA386}.Release|Any CPU.Build.0 = Release|Any CPU
		{CDCB6188-5D93-42AA-B555-984E0CCE2069}.Debug|Any CPU.ActiveCfg = Debug|Any CPU
		{CDCB6188-5D93-42AA-B555-984E0CCE2069}.Debug|Any CPU.Build.0 = Debug|Any CPU
		{CDCB6188-5D93-42AA-B555-984E0CCE2069}.Release|Any CPU.ActiveCfg = Release|Any CPU
		{CDCB6188-5D93-42AA-B555-984E0CCE2069}.Release|Any CPU.Build.0 = Release|Any CPU
		{ACC2D799-4CE0-40C7-AA0D-3A156D2EF630}.Debug|Any CPU.ActiveCfg = Debug|Any CPU
		{ACC2D799-4CE0-40C7-AA0D-3A156D2EF630}.Debug|Any CPU.Build.0 = Debug|Any CPU
		{ACC2D799-4CE0-40C7-AA0D-3A156D2EF630}.Release|Any CPU.ActiveCfg = Release|Any CPU
		{ACC2D799-4CE0-40C7-AA0D-3A156D2EF630}.Release|Any CPU.Build.0 = Release|Any CPU
		{47A1489D-78EB-40C6-ACED-A3E1B7CFC55D}.Debug|Any CPU.ActiveCfg = Debug|Any CPU
		{47A1489D-78EB-40C6-ACED-A3E1B7CFC55D}.Debug|Any CPU.Build.0 = Debug|Any CPU
		{47A1489D-78EB-40C6-ACED-A3E1B7CFC55D}.Release|Any CPU.ActiveCfg = Release|Any CPU
		{47A1489D-78EB-40C6-ACED-A3E1B7CFC55D}.Release|Any CPU.Build.0 = Release|Any CPU
		{0286AC77-D7C2-4681-A319-E5C6A2B2B7C1}.Debug|Any CPU.ActiveCfg = Debug|Any CPU
		{0286AC77-D7C2-4681-A319-E5C6A2B2B7C1}.Debug|Any CPU.Build.0 = Debug|Any CPU
		{0286AC77-D7C2-4681-A319-E5C6A2B2B7C1}.Release|Any CPU.ActiveCfg = Release|Any CPU
		{0286AC77-D7C2-4681-A319-E5C6A2B2B7C1}.Release|Any CPU.Build.0 = Release|Any CPU
		{687A2CA3-6111-4858-9D47-7A1A54BE5F69}.Debug|Any CPU.ActiveCfg = Debug|Any CPU
		{687A2CA3-6111-4858-9D47-7A1A54BE5F69}.Debug|Any CPU.Build.0 = Debug|Any CPU
		{687A2CA3-6111-4858-9D47-7A1A54BE5F69}.Release|Any CPU.ActiveCfg = Release|Any CPU
		{687A2CA3-6111-4858-9D47-7A1A54BE5F69}.Release|Any CPU.Build.0 = Release|Any CPU
		{DBA55F69-0B8C-436C-ABCD-87DE38913AF4}.Debug|Any CPU.ActiveCfg = Debug|Any CPU
		{DBA55F69-0B8C-436C-ABCD-87DE38913AF4}.Debug|Any CPU.Build.0 = Debug|Any CPU
		{DBA55F69-0B8C-436C-ABCD-87DE38913AF4}.Release|Any CPU.ActiveCfg = Release|Any CPU
		{DBA55F69-0B8C-436C-ABCD-87DE38913AF4}.Release|Any CPU.Build.0 = Release|Any CPU
		{42749316-2C30-48F4-95B5-4073F42CDB51}.Debug|Any CPU.ActiveCfg = Debug|Any CPU
		{42749316-2C30-48F4-95B5-4073F42CDB51}.Debug|Any CPU.Build.0 = Debug|Any CPU
		{42749316-2C30-48F4-95B5-4073F42CDB51}.Release|Any CPU.ActiveCfg = Release|Any CPU
		{42749316-2C30-48F4-95B5-4073F42CDB51}.Release|Any CPU.Build.0 = Release|Any CPU
		{2268BA9E-7F22-40FA-8866-79CB4492F398}.Debug|Any CPU.ActiveCfg = Debug|Any CPU
		{2268BA9E-7F22-40FA-8866-79CB4492F398}.Debug|Any CPU.Build.0 = Debug|Any CPU
		{2268BA9E-7F22-40FA-8866-79CB4492F398}.Release|Any CPU.ActiveCfg = Release|Any CPU
		{2268BA9E-7F22-40FA-8866-79CB4492F398}.Release|Any CPU.Build.0 = Release|Any CPU
		{3C517D16-E8D6-4411-8495-F9F6B54418B6}.Debug|Any CPU.ActiveCfg = Debug|Any CPU
		{3C517D16-E8D6-4411-8495-F9F6B54418B6}.Debug|Any CPU.Build.0 = Debug|Any CPU
		{3C517D16-E8D6-4411-8495-F9F6B54418B6}.Release|Any CPU.ActiveCfg = Release|Any CPU
		{3C517D16-E8D6-4411-8495-F9F6B54418B6}.Release|Any CPU.Build.0 = Release|Any CPU
	EndGlobalSection
	GlobalSection(SolutionProperties) = preSolution
		HideSolutionNode = FALSE
	EndGlobalSection
	GlobalSection(ExtensibilityGlobals) = postSolution
		SolutionGuid = {5958453F-60BE-4AC0-A22D-D27725340263}
	EndGlobalSection
EndGlobal
